
Microsoft Visual Studio Solution File, Format Version 12.00
# Visual Studio 15
VisualStudioVersion = 15.0.28307.1000
MinimumVisualStudioVersion = 10.0.40219.1
Project("{FAE04EC0-301F-11D3-BF4B-00C04F79EFBC}") = "AppHotel", "AppHotel\AppHotel.csproj", "{DF8737F1-8333-4343-95E9-52F1BEAA08C2}"
EndProject
Global
	GlobalSection(SolutionConfigurationPlatforms) = preSolution
		Debug|Any CPU = Debug|Any CPU
		Release|Any CPU = Release|Any CPU
	EndGlobalSection
	GlobalSection(ProjectConfigurationPlatforms) = postSolution
		{DF8737F1-8333-4343-95E9-52F1BEAA08C2}.Debug|Any CPU.ActiveCfg = Debug|Any CPU
		{DF8737F1-8333-4343-95E9-52F1BEAA08C2}.Debug|Any CPU.Build.0 = Debug|Any CPU
		{DF8737F1-8333-4343-95E9-52F1BEAA08C2}.Release|Any CPU.ActiveCfg = Release|Any CPU
		{DF8737F1-8333-4343-95E9-52F1BEAA08C2}.Release|Any CPU.Build.0 = Release|Any CPU
	EndGlobalSection
	GlobalSection(SolutionProperties) = preSolution
		HideSolutionNode = FALSE
	EndGlobalSection
	GlobalSection(ExtensibilityGlobals) = postSolution
		SolutionGuid = {C5A440D8-8A74-437E-9BDF-FE1EA3B323CB}
	EndGlobalSection
EndGlobal
