
Microsoft Visual Studio Solution File, Format Version 12.00
# Visual Studio 15
VisualStudioVersion = 15.0.28307.1000
MinimumVisualStudioVersion = 10.0.40219.1
Project("{FAE04EC0-301F-11D3-BF4B-00C04F79EFBC}") = "NameConsoleApp2", "NameConsoleApp2\NameConsoleApp2.csproj", "{5E5E3C21-F876-43B0-94D5-778378ECE62C}"
EndProject
Global
	GlobalSection(SolutionConfigurationPlatforms) = preSolution
		Debug|Any CPU = Debug|Any CPU
		Release|Any CPU = Release|Any CPU
	EndGlobalSection
	GlobalSection(ProjectConfigurationPlatforms) = postSolution
		{5E5E3C21-F876-43B0-94D5-778378ECE62C}.Debug|Any CPU.ActiveCfg = Debug|Any CPU
		{5E5E3C21-F876-43B0-94D5-778378ECE62C}.Debug|Any CPU.Build.0 = Debug|Any CPU
		{5E5E3C21-F876-43B0-94D5-778378ECE62C}.Release|Any CPU.ActiveCfg = Release|Any CPU
		{5E5E3C21-F876-43B0-94D5-778378ECE62C}.Release|Any CPU.Build.0 = Release|Any CPU
	EndGlobalSection
	GlobalSection(SolutionProperties) = preSolution
		HideSolutionNode = FALSE
	EndGlobalSection
	GlobalSection(ExtensibilityGlobals) = postSolution
		SolutionGuid = {9CA1A219-62A6-4E4B-B7A6-C386FA2C5A44}
	EndGlobalSection
EndGlobal
